
Microsoft Visual Studio Solution File, Format Version 12.00
# Visual Studio 15
VisualStudioVersion = 15.0.28307.438
MinimumVisualStudioVersion = 10.0.40219.1
Project("{FAE04EC0-301F-11D3-BF4B-00C04F79EFBC}") = "LabDiccionarios_1251518", "LabDiccionarios_1251518\LabDiccionarios_1251518.csproj", "{C8DCE3D2-BF90-40D9-8546-7422CA991C4E}"
EndProject
Global
	GlobalSection(SolutionConfigurationPlatforms) = preSolution
		Debug|Any CPU = Debug|Any CPU
		Release|Any CPU = Release|Any CPU
	EndGlobalSection
	GlobalSection(ProjectConfigurationPlatforms) = postSolution
		{C8DCE3D2-BF90-40D9-8546-7422CA991C4E}.Debug|Any CPU.ActiveCfg = Debug|Any CPU
		{C8DCE3D2-BF90-40D9-8546-7422CA991C4E}.Debug|Any CPU.Build.0 = Debug|Any CPU
		{C8DCE3D2-BF90-40D9-8546-7422CA991C4E}.Release|Any CPU.ActiveCfg = Release|Any CPU
		{C8DCE3D2-BF90-40D9-8546-7422CA991C4E}.Release|Any CPU.Build.0 = Release|Any CPU
	EndGlobalSection
	GlobalSection(SolutionProperties) = preSolution
		HideSolutionNode = FALSE
	EndGlobalSection
	GlobalSection(ExtensibilityGlobals) = postSolution
		SolutionGuid = {79B542CA-84DD-48CF-BF4A-206CE01E4643}
	EndGlobalSection
EndGlobal
